
Microsoft Visual Studio Solution File, Format Version 12.00
# Visual Studio Version 16
VisualStudioVersion = 16.0.32228.343
MinimumVisualStudioVersion = 10.0.40219.1
Project("{FAE04EC0-301F-11D3-BF4B-00C04F79EFBC}") = "SmartCarRental", "SmartCarRental\SmartCarRental.csproj", "{D8844937-CABC-49E9-903C-91F845A9471E}"
EndProject
Global
	GlobalSection(SolutionConfigurationPlatforms) = preSolution
		Debug|Any CPU = Debug|Any CPU
		Release|Any CPU = Release|Any CPU
	EndGlobalSection
	GlobalSection(ProjectConfigurationPlatforms) = postSolution
		{D8844937-CABC-49E9-903C-91F845A9471E}.Debug|Any CPU.ActiveCfg = Debug|Any CPU
		{D8844937-CABC-49E9-903C-91F845A9471E}.Debug|Any CPU.Build.0 = Debug|Any CPU
		{D8844937-CABC-49E9-903C-91F845A9471E}.Release|Any CPU.ActiveCfg = Release|Any CPU
		{D8844937-CABC-49E9-903C-91F845A9471E}.Release|Any CPU.Build.0 = Release|Any CPU
	EndGlobalSection
	GlobalSection(SolutionProperties) = preSolution
		HideSolutionNode = FALSE
	EndGlobalSection
	GlobalSection(ExtensibilityGlobals) = postSolution
		SolutionGuid = {D5A6A9D8-83F0-44F0-860D-F54CE1D0168E}
	EndGlobalSection
EndGlobal
